
Microsoft Visual Studio Solution File, Format Version 12.00
# Visual Studio Version 17
VisualStudioVersion = 17.12.35506.116
MinimumVisualStudioVersion = 10.0.40219.1
Project("{FAE04EC0-301F-11D3-BF4B-00C04F79EFBC}") = "AnAvaloniaSMGProject", "AnAvaloniaSMGProject.csproj", "{0693DE46-1B2D-4B4F-BF08-7ED5FB3E8B3B}"
EndProject
Project("{FAE04EC0-301F-11D3-BF4B-00C04F79EFBC}") = "Hack.io", "..\Hack.io\Hack.io\Hack.io.csproj", "{0B3B103D-6D09-4D13-8E60-5ED1AFD1C465}"
EndProject
Project("{FAE04EC0-301F-11D3-BF4B-00C04F79EFBC}") = "Hack.io.BTP", "..\Hack.io\Hack.io.BTP\Hack.io.BTP.csproj", "{A4F327EB-2915-4544-A0DC-06B26FBA73D9}"
EndProject
Project("{FAE04EC0-301F-11D3-BF4B-00C04F79EFBC}") = "Hack.io.J3D", "..\Hack.io\Hack.io.J3D\Hack.io.J3D.csproj", "{FC4DCAC7-570E-49E3-AC99-2DC1F56ED8FF}"
EndProject
Project("{FAE04EC0-301F-11D3-BF4B-00C04F79EFBC}") = "Hack.io.YAY0", "..\Hack.io\Hack.io.YAY0\Hack.io.YAY0.csproj", "{2563710E-D1D8-4DEB-AFFE-294B3BC48D98}"
EndProject
Project("{FAE04EC0-301F-11D3-BF4B-00C04F79EFBC}") = "Hack.io.YAZ0", "..\Hack.io\Hack.io.YAZ0\Hack.io.YAZ0.csproj", "{943A48F7-6395-498C-B083-48CFDF221EDB}"
EndProject
Project("{FAE04EC0-301F-11D3-BF4B-00C04F79EFBC}") = "Hack.io.RARC", "..\Hack.io\Hack.io.RARC\Hack.io.RARC.csproj", "{D1043F6B-E065-4597-9BA8-6ADA49C1B9A6}"
EndProject
Project("{FAE04EC0-301F-11D3-BF4B-00C04F79EFBC}") = "Hack.io.U8", "..\Hack.io\Hack.io.U8\Hack.io.U8.csproj", "{792173CC-30BB-4238-BA00-F0274154E2E4}"
EndProject
Global
	GlobalSection(SolutionConfigurationPlatforms) = preSolution
		Debug|Any CPU = Debug|Any CPU
		Release|Any CPU = Release|Any CPU
	EndGlobalSection
	GlobalSection(ProjectConfigurationPlatforms) = postSolution
		{0693DE46-1B2D-4B4F-BF08-7ED5FB3E8B3B}.Debug|Any CPU.ActiveCfg = Debug|Any CPU
		{0693DE46-1B2D-4B4F-BF08-7ED5FB3E8B3B}.Debug|Any CPU.Build.0 = Debug|Any CPU
		{0693DE46-1B2D-4B4F-BF08-7ED5FB3E8B3B}.Release|Any CPU.ActiveCfg = Release|Any CPU
		{0693DE46-1B2D-4B4F-BF08-7ED5FB3E8B3B}.Release|Any CPU.Build.0 = Release|Any CPU
		{0B3B103D-6D09-4D13-8E60-5ED1AFD1C465}.Debug|Any CPU.ActiveCfg = Debug|Any CPU
		{0B3B103D-6D09-4D13-8E60-5ED1AFD1C465}.Debug|Any CPU.Build.0 = Debug|Any CPU
		{0B3B103D-6D09-4D13-8E60-5ED1AFD1C465}.Release|Any CPU.ActiveCfg = Release|Any CPU
		{0B3B103D-6D09-4D13-8E60-5ED1AFD1C465}.Release|Any CPU.Build.0 = Release|Any CPU
		{A4F327EB-2915-4544-A0DC-06B26FBA73D9}.Debug|Any CPU.ActiveCfg = Debug|Any CPU
		{A4F327EB-2915-4544-A0DC-06B26FBA73D9}.Debug|Any CPU.Build.0 = Debug|Any CPU
		{A4F327EB-2915-4544-A0DC-06B26FBA73D9}.Release|Any CPU.ActiveCfg = Release|Any CPU
		{A4F327EB-2915-4544-A0DC-06B26FBA73D9}.Release|Any CPU.Build.0 = Release|Any CPU
		{FC4DCAC7-570E-49E3-AC99-2DC1F56ED8FF}.Debug|Any CPU.ActiveCfg = Debug|Any CPU
		{FC4DCAC7-570E-49E3-AC99-2DC1F56ED8FF}.Debug|Any CPU.Build.0 = Debug|Any CPU
		{FC4DCAC7-570E-49E3-AC99-2DC1F56ED8FF}.Release|Any CPU.ActiveCfg = Release|Any CPU
		{FC4DCAC7-570E-49E3-AC99-2DC1F56ED8FF}.Release|Any CPU.Build.0 = Release|Any CPU
		{2563710E-D1D8-4DEB-AFFE-294B3BC48D98}.Debug|Any CPU.ActiveCfg = Debug|Any CPU
		{2563710E-D1D8-4DEB-AFFE-294B3BC48D98}.Debug|Any CPU.Build.0 = Debug|Any CPU
		{2563710E-D1D8-4DEB-AFFE-294B3BC48D98}.Release|Any CPU.ActiveCfg = Release|Any CPU
		{2563710E-D1D8-4DEB-AFFE-294B3BC48D98}.Release|Any CPU.Build.0 = Release|Any CPU
		{943A48F7-6395-498C-B083-48CFDF221EDB}.Debug|Any CPU.ActiveCfg = Debug|Any CPU
		{943A48F7-6395-498C-B083-48CFDF221EDB}.Debug|Any CPU.Build.0 = Debug|Any CPU
		{943A48F7-6395-498C-B083-48CFDF221EDB}.Release|Any CPU.ActiveCfg = Release|Any CPU
		{943A48F7-6395-498C-B083-48CFDF221EDB}.Release|Any CPU.Build.0 = Release|Any CPU
		{D1043F6B-E065-4597-9BA8-6ADA49C1B9A6}.Debug|Any CPU.ActiveCfg = Debug|Any CPU
		{D1043F6B-E065-4597-9BA8-6ADA49C1B9A6}.Debug|Any CPU.Build.0 = Debug|Any CPU
		{D1043F6B-E065-4597-9BA8-6ADA49C1B9A6}.Release|Any CPU.ActiveCfg = Release|Any CPU
		{D1043F6B-E065-4597-9BA8-6ADA49C1B9A6}.Release|Any CPU.Build.0 = Release|Any CPU
		{792173CC-30BB-4238-BA00-F0274154E2E4}.Debug|Any CPU.ActiveCfg = Debug|Any CPU
		{792173CC-30BB-4238-BA00-F0274154E2E4}.Debug|Any CPU.Build.0 = Debug|Any CPU
		{792173CC-30BB-4238-BA00-F0274154E2E4}.Release|Any CPU.ActiveCfg = Release|Any CPU
		{792173CC-30BB-4238-BA00-F0274154E2E4}.Release|Any CPU.Build.0 = Release|Any CPU
	EndGlobalSection
	GlobalSection(SolutionProperties) = preSolution
		HideSolutionNode = FALSE
	EndGlobalSection
EndGlobal
